
Microsoft Visual Studio Solution File, Format Version 12.00
# Visual Studio Version 17
VisualStudioVersion = 17.3.32929.385
MinimumVisualStudioVersion = 10.0.40219.1
Project("{FAE04EC0-301F-11D3-BF4B-00C04F79EFBC}") = "Treinando interfaces com Animais", "Treinando interfaces com Animais\Treinando interfaces com Animais.csproj", "{E733A6CE-9782-4FDA-AFE3-C57C92575DFC}"
EndProject
Global
	GlobalSection(SolutionConfigurationPlatforms) = preSolution
		Debug|Any CPU = Debug|Any CPU
		Release|Any CPU = Release|Any CPU
	EndGlobalSection
	GlobalSection(ProjectConfigurationPlatforms) = postSolution
		{E733A6CE-9782-4FDA-AFE3-C57C92575DFC}.Debug|Any CPU.ActiveCfg = Debug|Any CPU
		{E733A6CE-9782-4FDA-AFE3-C57C92575DFC}.Debug|Any CPU.Build.0 = Debug|Any CPU
		{E733A6CE-9782-4FDA-AFE3-C57C92575DFC}.Release|Any CPU.ActiveCfg = Release|Any CPU
		{E733A6CE-9782-4FDA-AFE3-C57C92575DFC}.Release|Any CPU.Build.0 = Release|Any CPU
	EndGlobalSection
	GlobalSection(SolutionProperties) = preSolution
		HideSolutionNode = FALSE
	EndGlobalSection
	GlobalSection(ExtensibilityGlobals) = postSolution
		SolutionGuid = {DEA3EE99-520F-4877-817C-490D86143BDF}
	EndGlobalSection
EndGlobal
